
Microsoft Visual Studio Solution File, Format Version 12.00
# Visual Studio Version 17
VisualStudioVersion = 17.8.34408.163
MinimumVisualStudioVersion = 10.0.40219.1
Project("{9A19103F-16F7-4668-BE54-9A1E7A4F7556}") = "sql-c#", "sql-c#\sql-c#.csproj", "{291B8037-008D-4A72-A54D-1AFC3A3968B0}"
EndProject
Project("{FAE04EC0-301F-11D3-BF4B-00C04F79EFBC}") = "Reflection", "Reflection\Reflection.csproj", "{65648EB4-38E7-42DF-989A-1E9D1588A785}"
EndProject
Global
	GlobalSection(SolutionConfigurationPlatforms) = preSolution
		Debug|Any CPU = Debug|Any CPU
		Release|Any CPU = Release|Any CPU
	EndGlobalSection
	GlobalSection(ProjectConfigurationPlatforms) = postSolution
		{291B8037-008D-4A72-A54D-1AFC3A3968B0}.Debug|Any CPU.ActiveCfg = Debug|Any CPU
		{291B8037-008D-4A72-A54D-1AFC3A3968B0}.Debug|Any CPU.Build.0 = Debug|Any CPU
		{291B8037-008D-4A72-A54D-1AFC3A3968B0}.Release|Any CPU.ActiveCfg = Release|Any CPU
		{291B8037-008D-4A72-A54D-1AFC3A3968B0}.Release|Any CPU.Build.0 = Release|Any CPU
		{65648EB4-38E7-42DF-989A-1E9D1588A785}.Debug|Any CPU.ActiveCfg = Debug|Any CPU
		{65648EB4-38E7-42DF-989A-1E9D1588A785}.Debug|Any CPU.Build.0 = Debug|Any CPU
		{65648EB4-38E7-42DF-989A-1E9D1588A785}.Release|Any CPU.ActiveCfg = Release|Any CPU
		{65648EB4-38E7-42DF-989A-1E9D1588A785}.Release|Any CPU.Build.0 = Release|Any CPU
	EndGlobalSection
	GlobalSection(SolutionProperties) = preSolution
		HideSolutionNode = FALSE
	EndGlobalSection
	GlobalSection(ExtensibilityGlobals) = postSolution
		SolutionGuid = {3B16F0A4-D792-4D64-BC95-879967EF7B3D}
	EndGlobalSection
EndGlobal
